{
  "name": "spottedlanternfly",
  "version": "0.5.00",
  "lockfileVersion": 2,
  "requires": true,
  "packages": {
    "": {
      "name": "spottedlanternfly",
      "version": "0.5.00",
      "license": "CC BY 3.0 US",
      "dependencies": {
        "leaflet.tilelayer.colorfilter": "^1.2.5",
        "nouislider": "^15.5.1"
      },
      "devDependencies": {
        "flask": "^0.2.10"
      }
    },
    "node_modules/flask": {
      "version": "0.2.10",
      "resolved": "https://registry.npmjs.org/flask/-/flask-0.2.10.tgz",
      "integrity": "sha1-9fWkLP1YownjfGfAo5YXqBnl4bc=",
      "dev": true
    },
    "node_modules/leaflet.tilelayer.colorfilter": {
      "version": "1.2.5",
      "resolved": "https://registry.npmjs.org/leaflet.tilelayer.colorfilter/-/leaflet.tilelayer.colorfilter-1.2.5.tgz",
      "integrity": "sha512-wUvqVlpEofDEDi0ocXApXAcz1l06RsNBEw3L/2ColaygDPERswgas2Jgv/DVrWrVd0HQAxDerwFqOtBI+zbw3w=="
    },
    "node_modules/nouislider": {
      "version": "15.5.1",
      "resolved": "https://registry.npmjs.org/nouislider/-/nouislider-15.5.1.tgz",
      "integrity": "sha512-V8LNPhLPXLNjkgXLfyzDRGDeKvzZeaiIx5YagMiHnOMqgcRzT75jqvEZYXbSrEffXouwcEShSd8Vllm2Nkwqew=="
    }
  },
  "dependencies": {
    "flask": {
      "version": "0.2.10",
      "resolved": "https://registry.npmjs.org/flask/-/flask-0.2.10.tgz",
      "integrity": "sha1-9fWkLP1YownjfGfAo5YXqBnl4bc=",
      "dev": true
    },
    "leaflet.tilelayer.colorfilter": {
      "version": "1.2.5",
      "resolved": "https://registry.npmjs.org/leaflet.tilelayer.colorfilter/-/leaflet.tilelayer.colorfilter-1.2.5.tgz",
      "integrity": "sha512-wUvqVlpEofDEDi0ocXApXAcz1l06RsNBEw3L/2ColaygDPERswgas2Jgv/DVrWrVd0HQAxDerwFqOtBI+zbw3w=="
    },
    "nouislider": {
      "version": "15.5.1",
      "resolved": "https://registry.npmjs.org/nouislider/-/nouislider-15.5.1.tgz",
      "integrity": "sha512-V8LNPhLPXLNjkgXLfyzDRGDeKvzZeaiIx5YagMiHnOMqgcRzT75jqvEZYXbSrEffXouwcEShSd8Vllm2Nkwqew=="
    }
  }
}
